
Microsoft Visual Studio Solution File, Format Version 12.00
# Visual Studio Version 16
VisualStudioVersion = 16.0.31112.23
MinimumVisualStudioVersion = 10.0.40219.1
Project("{9A19103F-16F7-4668-BE54-9A1E7A4F7556}") = "Dignite.AspNetCore.Mvc.Contracts", "src\Dignite.AspNetCore.Mvc.Contracts\Dignite.AspNetCore.Mvc.Contracts.csproj", "{D4CCEB3F-7300-463E-A760-B667CB60194E}"
EndProject
Project("{9A19103F-16F7-4668-BE54-9A1E7A4F7556}") = "Dignite.AspNetCore.Mvc.Client", "src\Dignite.AspNetCore.Mvc.Client\Dignite.AspNetCore.Mvc.Client.csproj", "{67A56FD8-310E-4190-85EF-D68DBC64A29C}"
EndProject
Project("{9A19103F-16F7-4668-BE54-9A1E7A4F7556}") = "Dignite.AspNetCore.Mvc", "src\Dignite.AspNetCore.Mvc\Dignite.AspNetCore.Mvc.csproj", "{9C3AC962-5B81-402C-870C-2FB6A0E3E80F}"
EndProject
Project("{2150E333-8FDC-42A3-9474-1A3956D46DE8}") = "Src", "Src", "{7869E1B7-6CC9-4C08-9B94-85D21A5F5968}"
EndProject
Project("{2150E333-8FDC-42A3-9474-1A3956D46DE8}") = "test", "test", "{64061EF0-B5E7-45B6-A0C1-639B7D44E921}"
EndProject
Project("{9A19103F-16F7-4668-BE54-9A1E7A4F7556}") = "Dignite.Core", "src\Dignite.Core\Dignite.Core.csproj", "{E1431942-335F-4A02-9DEA-39320EE6A393}"
EndProject
Project("{9A19103F-16F7-4668-BE54-9A1E7A4F7556}") = "Dignite.FieldCustomizing", "src\Dignite.FieldCustomizing\Dignite.FieldCustomizing.csproj", "{D3F1D0AB-521C-488A-A0E8-18CBFDDD8B14}"
EndProject
Project("{9A19103F-16F7-4668-BE54-9A1E7A4F7556}") = "Dignite.Abp.Settings", "src\Dignite.Abp.Settings\Dignite.Abp.Settings.csproj", "{334170E8-9ED4-4721-BEC4-EEDDA7E058C6}"
EndProject
Project("{9A19103F-16F7-4668-BE54-9A1E7A4F7556}") = "Dignite.FieldCustomizing.SeperateValueStoring", "src\Dignite.FieldCustomizing.SeperateValueStoring\Dignite.FieldCustomizing.SeperateValueStoring.csproj", "{7DFE2C1A-39E0-4C1F-839E-DF0E00846400}"
EndProject
Project("{9A19103F-16F7-4668-BE54-9A1E7A4F7556}") = "Dignite.FieldCustomizing.SeperateValueStoring.EntityFrameworkCore", "src\Dignite.FieldCustomizing.SeperateValueStoring.EntityFrameworkCore\Dignite.FieldCustomizing.SeperateValueStoring.EntityFrameworkCore.csproj", "{EC6CE645-6C44-444D-8915-75F59D0F006E}"
EndProject
Project("{9A19103F-16F7-4668-BE54-9A1E7A4F7556}") = "Dignite.Abp.BlobStoring.Shared", "src\Dignite.Abp.BlobStoring.Shared\Dignite.Abp.BlobStoring.Shared.csproj", "{2796C9F7-106A-4868-B6B2-83078F4953BC}"
EndProject
Project("{9A19103F-16F7-4668-BE54-9A1E7A4F7556}") = "Dignite.Abp.BlobStoring", "src\Dignite.Abp.BlobStoring\Dignite.Abp.BlobStoring.csproj", "{2BBCE950-6408-4E4D-97E4-F2C97121036B}"
EndProject
Global
	GlobalSection(SolutionConfigurationPlatforms) = preSolution
		Debug|Any CPU = Debug|Any CPU
		Release|Any CPU = Release|Any CPU
	EndGlobalSection
	GlobalSection(ProjectConfigurationPlatforms) = postSolution
		{D4CCEB3F-7300-463E-A760-B667CB60194E}.Debug|Any CPU.ActiveCfg = Debug|Any CPU
		{D4CCEB3F-7300-463E-A760-B667CB60194E}.Debug|Any CPU.Build.0 = Debug|Any CPU
		{D4CCEB3F-7300-463E-A760-B667CB60194E}.Release|Any CPU.ActiveCfg = Release|Any CPU
		{D4CCEB3F-7300-463E-A760-B667CB60194E}.Release|Any CPU.Build.0 = Release|Any CPU
		{67A56FD8-310E-4190-85EF-D68DBC64A29C}.Debug|Any CPU.ActiveCfg = Debug|Any CPU
		{67A56FD8-310E-4190-85EF-D68DBC64A29C}.Debug|Any CPU.Build.0 = Debug|Any CPU
		{67A56FD8-310E-4190-85EF-D68DBC64A29C}.Release|Any CPU.ActiveCfg = Release|Any CPU
		{67A56FD8-310E-4190-85EF-D68DBC64A29C}.Release|Any CPU.Build.0 = Release|Any CPU
		{9C3AC962-5B81-402C-870C-2FB6A0E3E80F}.Debug|Any CPU.ActiveCfg = Debug|Any CPU
		{9C3AC962-5B81-402C-870C-2FB6A0E3E80F}.Debug|Any CPU.Build.0 = Debug|Any CPU
		{9C3AC962-5B81-402C-870C-2FB6A0E3E80F}.Release|Any CPU.ActiveCfg = Release|Any CPU
		{9C3AC962-5B81-402C-870C-2FB6A0E3E80F}.Release|Any CPU.Build.0 = Release|Any CPU
		{E1431942-335F-4A02-9DEA-39320EE6A393}.Debug|Any CPU.ActiveCfg = Debug|Any CPU
		{E1431942-335F-4A02-9DEA-39320EE6A393}.Debug|Any CPU.Build.0 = Debug|Any CPU
		{E1431942-335F-4A02-9DEA-39320EE6A393}.Release|Any CPU.ActiveCfg = Release|Any CPU
		{E1431942-335F-4A02-9DEA-39320EE6A393}.Release|Any CPU.Build.0 = Release|Any CPU
		{D3F1D0AB-521C-488A-A0E8-18CBFDDD8B14}.Debug|Any CPU.ActiveCfg = Debug|Any CPU
		{D3F1D0AB-521C-488A-A0E8-18CBFDDD8B14}.Debug|Any CPU.Build.0 = Debug|Any CPU
		{D3F1D0AB-521C-488A-A0E8-18CBFDDD8B14}.Release|Any CPU.ActiveCfg = Release|Any CPU
		{D3F1D0AB-521C-488A-A0E8-18CBFDDD8B14}.Release|Any CPU.Build.0 = Release|Any CPU
		{334170E8-9ED4-4721-BEC4-EEDDA7E058C6}.Debug|Any CPU.ActiveCfg = Debug|Any CPU
		{334170E8-9ED4-4721-BEC4-EEDDA7E058C6}.Debug|Any CPU.Build.0 = Debug|Any CPU
		{334170E8-9ED4-4721-BEC4-EEDDA7E058C6}.Release|Any CPU.ActiveCfg = Release|Any CPU
		{334170E8-9ED4-4721-BEC4-EEDDA7E058C6}.Release|Any CPU.Build.0 = Release|Any CPU
		{7DFE2C1A-39E0-4C1F-839E-DF0E00846400}.Debug|Any CPU.ActiveCfg = Debug|Any CPU
		{7DFE2C1A-39E0-4C1F-839E-DF0E00846400}.Debug|Any CPU.Build.0 = Debug|Any CPU
		{7DFE2C1A-39E0-4C1F-839E-DF0E00846400}.Release|Any CPU.ActiveCfg = Release|Any CPU
		{7DFE2C1A-39E0-4C1F-839E-DF0E00846400}.Release|Any CPU.Build.0 = Release|Any CPU
		{EC6CE645-6C44-444D-8915-75F59D0F006E}.Debug|Any CPU.ActiveCfg = Debug|Any CPU
		{EC6CE645-6C44-444D-8915-75F59D0F006E}.Debug|Any CPU.Build.0 = Debug|Any CPU
		{EC6CE645-6C44-444D-8915-75F59D0F006E}.Release|Any CPU.ActiveCfg = Release|Any CPU
		{EC6CE645-6C44-444D-8915-75F59D0F006E}.Release|Any CPU.Build.0 = Release|Any CPU
		{2796C9F7-106A-4868-B6B2-83078F4953BC}.Debug|Any CPU.ActiveCfg = Debug|Any CPU
		{2796C9F7-106A-4868-B6B2-83078F4953BC}.Debug|Any CPU.Build.0 = Debug|Any CPU
		{2796C9F7-106A-4868-B6B2-83078F4953BC}.Release|Any CPU.ActiveCfg = Release|Any CPU
		{2796C9F7-106A-4868-B6B2-83078F4953BC}.Release|Any CPU.Build.0 = Release|Any CPU
		{2BBCE950-6408-4E4D-97E4-F2C97121036B}.Debug|Any CPU.ActiveCfg = Debug|Any CPU
		{2BBCE950-6408-4E4D-97E4-F2C97121036B}.Debug|Any CPU.Build.0 = Debug|Any CPU
		{2BBCE950-6408-4E4D-97E4-F2C97121036B}.Release|Any CPU.ActiveCfg = Release|Any CPU
		{2BBCE950-6408-4E4D-97E4-F2C97121036B}.Release|Any CPU.Build.0 = Release|Any CPU
	EndGlobalSection
	GlobalSection(SolutionProperties) = preSolution
		HideSolutionNode = FALSE
	EndGlobalSection
	GlobalSection(NestedProjects) = preSolution
		{D4CCEB3F-7300-463E-A760-B667CB60194E} = {7869E1B7-6CC9-4C08-9B94-85D21A5F5968}
		{67A56FD8-310E-4190-85EF-D68DBC64A29C} = {7869E1B7-6CC9-4C08-9B94-85D21A5F5968}
		{9C3AC962-5B81-402C-870C-2FB6A0E3E80F} = {7869E1B7-6CC9-4C08-9B94-85D21A5F5968}
		{E1431942-335F-4A02-9DEA-39320EE6A393} = {7869E1B7-6CC9-4C08-9B94-85D21A5F5968}
		{D3F1D0AB-521C-488A-A0E8-18CBFDDD8B14} = {7869E1B7-6CC9-4C08-9B94-85D21A5F5968}
		{334170E8-9ED4-4721-BEC4-EEDDA7E058C6} = {7869E1B7-6CC9-4C08-9B94-85D21A5F5968}
		{7DFE2C1A-39E0-4C1F-839E-DF0E00846400} = {7869E1B7-6CC9-4C08-9B94-85D21A5F5968}
		{EC6CE645-6C44-444D-8915-75F59D0F006E} = {7869E1B7-6CC9-4C08-9B94-85D21A5F5968}
		{2796C9F7-106A-4868-B6B2-83078F4953BC} = {7869E1B7-6CC9-4C08-9B94-85D21A5F5968}
		{2BBCE950-6408-4E4D-97E4-F2C97121036B} = {7869E1B7-6CC9-4C08-9B94-85D21A5F5968}
	EndGlobalSection
	GlobalSection(ExtensibilityGlobals) = postSolution
		SolutionGuid = {F622C42C-929D-4CAB-8CC6-23E387FFDD36}
	EndGlobalSection
EndGlobal
