
Microsoft Visual Studio Solution File, Format Version 12.00
# Visual Studio Version 16
VisualStudioVersion = 16.0.31112.23
MinimumVisualStudioVersion = 10.0.40219.1
Project("{9A19103F-16F7-4668-BE54-9A1E7A4F7556}") = "Dignite.AspNetCore.Mvc.Contracts", "src\Dignite.AspNetCore.Mvc.Contracts\Dignite.AspNetCore.Mvc.Contracts.csproj", "{D4CCEB3F-7300-463E-A760-B667CB60194E}"
EndProject
Project("{9A19103F-16F7-4668-BE54-9A1E7A4F7556}") = "Dignite.AspNetCore.Mvc.Client", "src\Dignite.AspNetCore.Mvc.Client\Dignite.AspNetCore.Mvc.Client.csproj", "{67A56FD8-310E-4190-85EF-D68DBC64A29C}"
EndProject
Project("{9A19103F-16F7-4668-BE54-9A1E7A4F7556}") = "Dignite.AspNetCore.Mvc", "src\Dignite.AspNetCore.Mvc\Dignite.AspNetCore.Mvc.csproj", "{9C3AC962-5B81-402C-870C-2FB6A0E3E80F}"
EndProject
Project("{2150E333-8FDC-42A3-9474-1A3956D46DE8}") = "Src", "Src", "{7869E1B7-6CC9-4C08-9B94-85D21A5F5968}"
EndProject
Project("{2150E333-8FDC-42A3-9474-1A3956D46DE8}") = "test", "test", "{64061EF0-B5E7-45B6-A0C1-639B7D44E921}"
EndProject
Project("{9A19103F-16F7-4668-BE54-9A1E7A4F7556}") = "Dignite.Core", "src\Dignite.Core\Dignite.Core.csproj", "{E1431942-335F-4A02-9DEA-39320EE6A393}"
EndProject
Project("{9A19103F-16F7-4668-BE54-9A1E7A4F7556}") = "Dignite.Abp.FieldCustomizing", "src\Dignite.Abp.FieldCustomizing\Dignite.Abp.FieldCustomizing.csproj", "{D3F1D0AB-521C-488A-A0E8-18CBFDDD8B14}"
EndProject
Project("{9A19103F-16F7-4668-BE54-9A1E7A4F7556}") = "Dignite.Abp.Settings", "src\Dignite.Abp.Settings\Dignite.Abp.Settings.csproj", "{334170E8-9ED4-4721-BEC4-EEDDA7E058C6}"
EndProject
Project("{9A19103F-16F7-4668-BE54-9A1E7A4F7556}") = "Dignite.Abp.BlobStoring", "src\Dignite.Abp.BlobStoring\Dignite.Abp.BlobStoring.csproj", "{2BBCE950-6408-4E4D-97E4-F2C97121036B}"
EndProject
Project("{9A19103F-16F7-4668-BE54-9A1E7A4F7556}") = "Dignite.Abp.SignalR", "Src\Dignite.Abp.SignalR\Dignite.Abp.SignalR.csproj", "{3AA740A0-6FD9-47B9-B86B-773C35152AE8}"
EndProject
Project("{9A19103F-16F7-4668-BE54-9A1E7A4F7556}") = "Dignite.Apps", "src\Dignite.Apps\Dignite.Apps.csproj", "{E9C51E2B-EAE6-4E04-9C4A-1AB7CA3A6F41}"
EndProject
Project("{9A19103F-16F7-4668-BE54-9A1E7A4F7556}") = "Dignite.Abp.FieldCustomizing.EntityFrameworkCore", "src\Dignite.Abp.FieldCustomizing.EntityFrameworkCore\Dignite.Abp.FieldCustomizing.EntityFrameworkCore.csproj", "{163A8AA9-D73D-490C-B3BB-2CF1DC9E2D5B}"
EndProject
Project("{FAE04EC0-301F-11D3-BF4B-00C04F79EFBC}") = "Dignite.Abp.Notifications", "src\Dignite.Abp.Notifications\Dignite.Abp.Notifications.csproj", "{39D5ED2D-C23D-44DD-8B7C-EF8CA9603DC3}"
EndProject
Global
	GlobalSection(SolutionConfigurationPlatforms) = preSolution
		Debug|Any CPU = Debug|Any CPU
		Release|Any CPU = Release|Any CPU
	EndGlobalSection
	GlobalSection(ProjectConfigurationPlatforms) = postSolution
		{D4CCEB3F-7300-463E-A760-B667CB60194E}.Debug|Any CPU.ActiveCfg = Debug|Any CPU
		{D4CCEB3F-7300-463E-A760-B667CB60194E}.Debug|Any CPU.Build.0 = Debug|Any CPU
		{D4CCEB3F-7300-463E-A760-B667CB60194E}.Release|Any CPU.ActiveCfg = Release|Any CPU
		{D4CCEB3F-7300-463E-A760-B667CB60194E}.Release|Any CPU.Build.0 = Release|Any CPU
		{67A56FD8-310E-4190-85EF-D68DBC64A29C}.Debug|Any CPU.ActiveCfg = Debug|Any CPU
		{67A56FD8-310E-4190-85EF-D68DBC64A29C}.Debug|Any CPU.Build.0 = Debug|Any CPU
		{67A56FD8-310E-4190-85EF-D68DBC64A29C}.Release|Any CPU.ActiveCfg = Release|Any CPU
		{67A56FD8-310E-4190-85EF-D68DBC64A29C}.Release|Any CPU.Build.0 = Release|Any CPU
		{9C3AC962-5B81-402C-870C-2FB6A0E3E80F}.Debug|Any CPU.ActiveCfg = Debug|Any CPU
		{9C3AC962-5B81-402C-870C-2FB6A0E3E80F}.Debug|Any CPU.Build.0 = Debug|Any CPU
		{9C3AC962-5B81-402C-870C-2FB6A0E3E80F}.Release|Any CPU.ActiveCfg = Release|Any CPU
		{9C3AC962-5B81-402C-870C-2FB6A0E3E80F}.Release|Any CPU.Build.0 = Release|Any CPU
		{E1431942-335F-4A02-9DEA-39320EE6A393}.Debug|Any CPU.ActiveCfg = Debug|Any CPU
		{E1431942-335F-4A02-9DEA-39320EE6A393}.Debug|Any CPU.Build.0 = Debug|Any CPU
		{E1431942-335F-4A02-9DEA-39320EE6A393}.Release|Any CPU.ActiveCfg = Release|Any CPU
		{E1431942-335F-4A02-9DEA-39320EE6A393}.Release|Any CPU.Build.0 = Release|Any CPU
		{D3F1D0AB-521C-488A-A0E8-18CBFDDD8B14}.Debug|Any CPU.ActiveCfg = Debug|Any CPU
		{D3F1D0AB-521C-488A-A0E8-18CBFDDD8B14}.Debug|Any CPU.Build.0 = Debug|Any CPU
		{D3F1D0AB-521C-488A-A0E8-18CBFDDD8B14}.Release|Any CPU.ActiveCfg = Release|Any CPU
		{D3F1D0AB-521C-488A-A0E8-18CBFDDD8B14}.Release|Any CPU.Build.0 = Release|Any CPU
		{334170E8-9ED4-4721-BEC4-EEDDA7E058C6}.Debug|Any CPU.ActiveCfg = Debug|Any CPU
		{334170E8-9ED4-4721-BEC4-EEDDA7E058C6}.Debug|Any CPU.Build.0 = Debug|Any CPU
		{334170E8-9ED4-4721-BEC4-EEDDA7E058C6}.Release|Any CPU.ActiveCfg = Release|Any CPU
		{334170E8-9ED4-4721-BEC4-EEDDA7E058C6}.Release|Any CPU.Build.0 = Release|Any CPU
		{2BBCE950-6408-4E4D-97E4-F2C97121036B}.Debug|Any CPU.ActiveCfg = Debug|Any CPU
		{2BBCE950-6408-4E4D-97E4-F2C97121036B}.Debug|Any CPU.Build.0 = Debug|Any CPU
		{2BBCE950-6408-4E4D-97E4-F2C97121036B}.Release|Any CPU.ActiveCfg = Release|Any CPU
		{2BBCE950-6408-4E4D-97E4-F2C97121036B}.Release|Any CPU.Build.0 = Release|Any CPU		
		{3AA740A0-6FD9-47B9-B86B-773C35152AE8}.Debug|Any CPU.ActiveCfg = Debug|Any CPU
		{3AA740A0-6FD9-47B9-B86B-773C35152AE8}.Debug|Any CPU.Build.0 = Debug|Any CPU
		{3AA740A0-6FD9-47B9-B86B-773C35152AE8}.Release|Any CPU.ActiveCfg = Release|Any CPU
		{3AA740A0-6FD9-47B9-B86B-773C35152AE8}.Release|Any CPU.Build.0 = Release|Any CPU
		{E9C51E2B-EAE6-4E04-9C4A-1AB7CA3A6F41}.Debug|Any CPU.ActiveCfg = Debug|Any CPU
		{E9C51E2B-EAE6-4E04-9C4A-1AB7CA3A6F41}.Debug|Any CPU.Build.0 = Debug|Any CPU
		{E9C51E2B-EAE6-4E04-9C4A-1AB7CA3A6F41}.Release|Any CPU.ActiveCfg = Release|Any CPU
		{E9C51E2B-EAE6-4E04-9C4A-1AB7CA3A6F41}.Release|Any CPU.Build.0 = Release|Any CPU
		{163A8AA9-D73D-490C-B3BB-2CF1DC9E2D5B}.Debug|Any CPU.ActiveCfg = Debug|Any CPU
		{163A8AA9-D73D-490C-B3BB-2CF1DC9E2D5B}.Debug|Any CPU.Build.0 = Debug|Any CPU
		{163A8AA9-D73D-490C-B3BB-2CF1DC9E2D5B}.Release|Any CPU.ActiveCfg = Release|Any CPU
		{163A8AA9-D73D-490C-B3BB-2CF1DC9E2D5B}.Release|Any CPU.Build.0 = Release|Any CPU
		{39D5ED2D-C23D-44DD-8B7C-EF8CA9603DC3}.Debug|Any CPU.ActiveCfg = Debug|Any CPU
		{39D5ED2D-C23D-44DD-8B7C-EF8CA9603DC3}.Debug|Any CPU.Build.0 = Debug|Any CPU
		{39D5ED2D-C23D-44DD-8B7C-EF8CA9603DC3}.Release|Any CPU.ActiveCfg = Release|Any CPU
		{39D5ED2D-C23D-44DD-8B7C-EF8CA9603DC3}.Release|Any CPU.Build.0 = Release|Any CPU
	EndGlobalSection
	GlobalSection(SolutionProperties) = preSolution
		HideSolutionNode = FALSE
	EndGlobalSection
	GlobalSection(NestedProjects) = preSolution
		{D4CCEB3F-7300-463E-A760-B667CB60194E} = {7869E1B7-6CC9-4C08-9B94-85D21A5F5968}
		{67A56FD8-310E-4190-85EF-D68DBC64A29C} = {7869E1B7-6CC9-4C08-9B94-85D21A5F5968}
		{9C3AC962-5B81-402C-870C-2FB6A0E3E80F} = {7869E1B7-6CC9-4C08-9B94-85D21A5F5968}
		{E1431942-335F-4A02-9DEA-39320EE6A393} = {7869E1B7-6CC9-4C08-9B94-85D21A5F5968}
		{D3F1D0AB-521C-488A-A0E8-18CBFDDD8B14} = {7869E1B7-6CC9-4C08-9B94-85D21A5F5968}
		{334170E8-9ED4-4721-BEC4-EEDDA7E058C6} = {7869E1B7-6CC9-4C08-9B94-85D21A5F5968}
		{2BBCE950-6408-4E4D-97E4-F2C97121036B} = {7869E1B7-6CC9-4C08-9B94-85D21A5F5968}
		{3AA740A0-6FD9-47B9-B86B-773C35152AE8} = {7869E1B7-6CC9-4C08-9B94-85D21A5F5968}
		{E9C51E2B-EAE6-4E04-9C4A-1AB7CA3A6F41} = {7869E1B7-6CC9-4C08-9B94-85D21A5F5968}
		{163A8AA9-D73D-490C-B3BB-2CF1DC9E2D5B} = {7869E1B7-6CC9-4C08-9B94-85D21A5F5968}
		{39D5ED2D-C23D-44DD-8B7C-EF8CA9603DC3} = {7869E1B7-6CC9-4C08-9B94-85D21A5F5968}
	EndGlobalSection
	GlobalSection(ExtensibilityGlobals) = postSolution
		SolutionGuid = {F622C42C-929D-4CAB-8CC6-23E387FFDD36}
	EndGlobalSection
EndGlobal
